// !$*UTF8*$!
{
	archiveVersion = 1;
	classes = {
	};
	objectVersion = 46;
	objects = {

/* Begin PBXBuildFile section */
		14D2F0F61EF6B99D00CA8364 /* AppDelegate.swift in Sources */ = {isa = PBXBuildFile; fileRef = 14D2F0F51EF6B99D00CA8364 /* AppDelegate.swift */; };
		14D2F0FB1EF6B99D00CA8364 /* Main.storyboard in Resources */ = {isa = PBXBuildFile; fileRef = 14D2F0F91EF6B99D00CA8364 /* Main.storyboard */; };
		14D2F0FD1EF6B99D00CA8364 /* Assets.xcassets in Resources */ = {isa = PBXBuildFile; fileRef = 14D2F0FC1EF6B99D00CA8364 /* Assets.xcassets */; };
		14D2F1001EF6B99D00CA8364 /* LaunchScreen.storyboard in Resources */ = {isa = PBXBuildFile; fileRef = 14D2F0FE1EF6B99D00CA8364 /* LaunchScreen.storyboard */; };
		14D2F10B1EF6B99D00CA8364 /* TacoPopTests.swift in Sources */ = {isa = PBXBuildFile; fileRef = 14D2F10A1EF6B99D00CA8364 /* TacoPopTests.swift */; };
		14D2F1201EF6BABC00CA8364 /* MainVC.swift in Sources */ = {isa = PBXBuildFile; fileRef = 14D2F11F1EF6BABC00CA8364 /* MainVC.swift */; };
		14D2F1221EF6C0A300CA8364 /* DropShadow.swift in Sources */ = {isa = PBXBuildFile; fileRef = 14D2F1211EF6C0A300CA8364 /* DropShadow.swift */; };
		14D2F1241EF6C2AA00CA8364 /* HeaderView.swift in Sources */ = {isa = PBXBuildFile; fileRef = 14D2F1231EF6C2AA00CA8364 /* HeaderView.swift */; };
		14D2F1261EF6C55E00CA8364 /* Taco.swift in Sources */ = {isa = PBXBuildFile; fileRef = 14D2F1251EF6C55E00CA8364 /* Taco.swift */; };
		14D2F1281EF6EAB400CA8364 /* DataService.swift in Sources */ = {isa = PBXBuildFile; fileRef = 14D2F1271EF6EAB400CA8364 /* DataService.swift */; };
/* End PBXBuildFile section */

/* Begin PBXContainerItemProxy section */
		14D2F1071EF6B99D00CA8364 /* PBXContainerItemProxy */ = {
			isa = PBXContainerItemProxy;
			containerPortal = 14D2F0EA1EF6B99D00CA8364 /* Project object */;
			proxyType = 1;
			remoteGlobalIDString = 14D2F0F11EF6B99D00CA8364;
			remoteInfo = TacoPop;
		};
/* End PBXContainerItemProxy section */

/* Begin PBXFileReference section */
		14D2F0F21EF6B99D00CA8364 /* TacoPop.app */ = {isa = PBXFileReference; explicitFileType = wrapper.application; includeInIndex = 0; path = TacoPop.app; sourceTree = BUILT_PRODUCTS_DIR; };
		14D2F0F51EF6B99D00CA8364 /* AppDelegate.swift */ = {isa = PBXFileReference; lastKnownFileType = sourcecode.swift; path = AppDelegate.swift; sourceTree = "<group>"; };
		14D2F0FA1EF6B99D00CA8364 /* Base */ = {isa = PBXFileReference; lastKnownFileType = file.storyboard; name = Base; path = Base.lproj/Main.storyboard; sourceTree = "<group>"; };
		14D2F0FC1EF6B99D00CA8364 /* Assets.xcassets */ = {isa = PBXFileReference; lastKnownFileType = folder.assetcatalog; path = Assets.xcassets; sourceTree = "<group>"; };
		14D2F0FF1EF6B99D00CA8364 /* Base */ = {isa = PBXFileReference; lastKnownFileType = file.storyboard; name = Base; path = Base.lproj/LaunchScreen.storyboard; sourceTree = "<group>"; };
		14D2F1011EF6B99D00CA8364 /* Info.plist */ = {isa = PBXFileReference; lastKnownFileType = text.plist.xml; path = Info.plist; sourceTree = "<group>"; };
		14D2F1061EF6B99D00CA8364 /* TacoPopTests.xctest */ = {isa = PBXFileReference; explicitFileType = wrapper.cfbundle; includeInIndex = 0; path = TacoPopTests.xctest; sourceTree = BUILT_PRODUCTS_DIR; };
		14D2F10A1EF6B99D00CA8364 /* TacoPopTests.swift */ = {isa = PBXFileReference; lastKnownFileType = sourcecode.swift; path = TacoPopTests.swift; sourceTree = "<group>"; };
		14D2F10C1EF6B99D00CA8364 /* Info.plist */ = {isa = PBXFileReference; lastKnownFileType = text.plist.xml; path = Info.plist; sourceTree = "<group>"; };
		14D2F11F1EF6BABC00CA8364 /* MainVC.swift */ = {isa = PBXFileReference; fileEncoding = 4; lastKnownFileType = sourcecode.swift; path = MainVC.swift; sourceTree = "<group>"; };
		14D2F1211EF6C0A300CA8364 /* DropShadow.swift */ = {isa = PBXFileReference; fileEncoding = 4; lastKnownFileType = sourcecode.swift; path = DropShadow.swift; sourceTree = "<group>"; };
		14D2F1231EF6C2AA00CA8364 /* HeaderView.swift */ = {isa = PBXFileReference; fileEncoding = 4; lastKnownFileType = sourcecode.swift; path = HeaderView.swift; sourceTree = "<group>"; };
		14D2F1251EF6C55E00CA8364 /* Taco.swift */ = {isa = PBXFileReference; fileEncoding = 4; lastKnownFileType = sourcecode.swift; path = Taco.swift; sourceTree = "<group>"; };
		14D2F1271EF6EAB400CA8364 /* DataService.swift */ = {isa = PBXFileReference; fileEncoding = 4; lastKnownFileType = sourcecode.swift; path = DataService.swift; sourceTree = "<group>"; };
/* End PBXFileReference section */

/* Begin PBXFrameworksBuildPhase section */
		14D2F0EF1EF6B99D00CA8364 /* Frameworks */ = {
			isa = PBXFrameworksBuildPhase;
			buildActionMask = 2147483647;
			files = (
			);
			runOnlyForDeploymentPostprocessing = 0;
		};
		14D2F1031EF6B99D00CA8364 /* Frameworks */ = {
			isa = PBXFrameworksBuildPhase;
			buildActionMask = 2147483647;
			files = (
			);
			runOnlyForDeploymentPostprocessing = 0;
		};
/* End PBXFrameworksBuildPhase section */

/* Begin PBXGroup section */
		14D2F0E91EF6B99D00CA8364 = {
			isa = PBXGroup;
			children = (
				14D2F0F41EF6B99D00CA8364 /* TacoPop */,
				14D2F1091EF6B99D00CA8364 /* TacoPopTests */,
				14D2F0F31EF6B99D00CA8364 /* Products */,
			);
			sourceTree = "<group>";
		};
		14D2F0F31EF6B99D00CA8364 /* Products */ = {
			isa = PBXGroup;
			children = (
				14D2F0F21EF6B99D00CA8364 /* TacoPop.app */,
				14D2F1061EF6B99D00CA8364 /* TacoPopTests.xctest */,
			);
			name = Products;
			sourceTree = "<group>";
		};
		14D2F0F41EF6B99D00CA8364 /* TacoPop */ = {
			isa = PBXGroup;
			children = (
				14D2F11E1EF6BA4000CA8364 /* Extensions */,
				14D2F11D1EF6BA3700CA8364 /* Protocols */,
				14D2F11B1EF6BA1000CA8364 /* Model */,
				14D2F11A1EF6BA0900CA8364 /* View */,
				14D2F1191EF6B9F500CA8364 /* Controller */,
				14D2F11C1EF6BA2200CA8364 /* Resources */,
			);
			path = TacoPop;
			sourceTree = "<group>";
		};
		14D2F1091EF6B99D00CA8364 /* TacoPopTests */ = {
			isa = PBXGroup;
			children = (
				14D2F10A1EF6B99D00CA8364 /* TacoPopTests.swift */,
				14D2F10C1EF6B99D00CA8364 /* Info.plist */,
			);
			path = TacoPopTests;
			sourceTree = "<group>";
		};
		14D2F1191EF6B9F500CA8364 /* Controller */ = {
			isa = PBXGroup;
			children = (
				14D2F0F51EF6B99D00CA8364 /* AppDelegate.swift */,
				14D2F11F1EF6BABC00CA8364 /* MainVC.swift */,
			);
			name = Controller;
			sourceTree = "<group>";
		};
		14D2F11A1EF6BA0900CA8364 /* View */ = {
			isa = PBXGroup;
			children = (
				14D2F0F91EF6B99D00CA8364 /* Main.storyboard */,
				14D2F0FE1EF6B99D00CA8364 /* LaunchScreen.storyboard */,
				14D2F1231EF6C2AA00CA8364 /* HeaderView.swift */,
			);
			name = View;
			sourceTree = "<group>";
		};
		14D2F11B1EF6BA1000CA8364 /* Model */ = {
			isa = PBXGroup;
			children = (
				14D2F1251EF6C55E00CA8364 /* Taco.swift */,
				14D2F1271EF6EAB400CA8364 /* DataService.swift */,
			);
			name = Model;
			sourceTree = "<group>";
		};
		14D2F11C1EF6BA2200CA8364 /* Resources */ = {
			isa = PBXGroup;
			children = (
				14D2F1011EF6B99D00CA8364 /* Info.plist */,
				14D2F0FC1EF6B99D00CA8364 /* Assets.xcassets */,
			);
			name = Resources;
			sourceTree = "<group>";
		};
		14D2F11D1EF6BA3700CA8364 /* Protocols */ = {
			isa = PBXGroup;
			children = (
				14D2F1211EF6C0A300CA8364 /* DropShadow.swift */,
			);
			name = Protocols;
			sourceTree = "<group>";
		};
		14D2F11E1EF6BA4000CA8364 /* Extensions */ = {
			isa = PBXGroup;
			children = (
			);
			name = Extensions;
			sourceTree = "<group>";
		};
/* End PBXGroup section */

/* Begin PBXNativeTarget section */
		14D2F0F11EF6B99D00CA8364 /* TacoPop */ = {
			isa = PBXNativeTarget;
			buildConfigurationList = 14D2F10F1EF6B99D00CA8364 /* Build configuration list for PBXNativeTarget "TacoPop" */;
			buildPhases = (
				14D2F0EE1EF6B99D00CA8364 /* Sources */,
				14D2F0EF1EF6B99D00CA8364 /* Frameworks */,
				14D2F0F01EF6B99D00CA8364 /* Resources */,
			);
			buildRules = (
			);
			dependencies = (
			);
			name = TacoPop;
			productName = TacoPop;
			productReference = 14D2F0F21EF6B99D00CA8364 /* TacoPop.app */;
			productType = "com.apple.product-type.application";
		};
		14D2F1051EF6B99D00CA8364 /* TacoPopTests */ = {
			isa = PBXNativeTarget;
			buildConfigurationList = 14D2F1121EF6B99D00CA8364 /* Build configuration list for PBXNativeTarget "TacoPopTests" */;
			buildPhases = (
				14D2F1021EF6B99D00CA8364 /* Sources */,
				14D2F1031EF6B99D00CA8364 /* Frameworks */,
				14D2F1041EF6B99D00CA8364 /* Resources */,
			);
			buildRules = (
			);
			dependencies = (
				14D2F1081EF6B99D00CA8364 /* PBXTargetDependency */,
			);
			name = TacoPopTests;
			productName = TacoPopTests;
			productReference = 14D2F1061EF6B99D00CA8364 /* TacoPopTests.xctest */;
			productType = "com.apple.product-type.bundle.unit-test";
		};
/* End PBXNativeTarget section */

/* Begin PBXProject section */
		14D2F0EA1EF6B99D00CA8364 /* Project object */ = {
			isa = PBXProject;
			attributes = {
				LastSwiftUpdateCheck = 0830;
				LastUpgradeCheck = 0830;
				ORGANIZATIONNAME = "Jason Shepherd";
				TargetAttributes = {
					14D2F0F11EF6B99D00CA8364 = {
						CreatedOnToolsVersion = 8.3.2;
						DevelopmentTeam = UK2D65UGSV;
						ProvisioningStyle = Automatic;
					};
					14D2F1051EF6B99D00CA8364 = {
						CreatedOnToolsVersion = 8.3.2;
						DevelopmentTeam = UK2D65UGSV;
						ProvisioningStyle = Automatic;
						TestTargetID = 14D2F0F11EF6B99D00CA8364;
					};
				};
			};
			buildConfigurationList = 14D2F0ED1EF6B99D00CA8364 /* Build configuration list for PBXProject "TacoPop" */;
			compatibilityVersion = "Xcode 3.2";
			developmentRegion = English;
			hasScannedForEncodings = 0;
			knownRegions = (
				en,
				Base,
			);
			mainGroup = 14D2F0E91EF6B99D00CA8364;
			productRefGroup = 14D2F0F31EF6B99D00CA8364 /* Products */;
			projectDirPath = "";
			projectRoot = "";
			targets = (
				14D2F0F11EF6B99D00CA8364 /* TacoPop */,
				14D2F1051EF6B99D00CA8364 /* TacoPopTests */,
			);
		};
/* End PBXProject section */

/* Begin PBXResourcesBuildPhase section */
		14D2F0F01EF6B99D00CA8364 /* Resources */ = {
			isa = PBXResourcesBuildPhase;
			buildActionMask = 2147483647;
			files = (
				14D2F1001EF6B99D00CA8364 /* LaunchScreen.storyboard in Resources */,
				14D2F0FD1EF6B99D00CA8364 /* Assets.xcassets in Resources */,
				14D2F0FB1EF6B99D00CA8364 /* Main.storyboard in Resources */,
			);
			runOnlyForDeploymentPostprocessing = 0;
		};
		14D2F1041EF6B99D00CA8364 /* Resources */ = {
			isa = PBXResourcesBuildPhase;
			buildActionMask = 2147483647;
			files = (
			);
			runOnlyForDeploymentPostprocessing = 0;
		};
/* End PBXResourcesBuildPhase section */

/* Begin PBXSourcesBuildPhase section */
		14D2F0EE1EF6B99D00CA8364 /* Sources */ = {
			isa = PBXSourcesBuildPhase;
			buildActionMask = 2147483647;
			files = (
				14D2F0F61EF6B99D00CA8364 /* AppDelegate.swift in Sources */,
				14D2F1221EF6C0A300CA8364 /* DropShadow.swift in Sources */,
				14D2F1201EF6BABC00CA8364 /* MainVC.swift in Sources */,
				14D2F1281EF6EAB400CA8364 /* DataService.swift in Sources */,
				14D2F1261EF6C55E00CA8364 /* Taco.swift in Sources */,
				14D2F1241EF6C2AA00CA8364 /* HeaderView.swift in Sources */,
			);
			runOnlyForDeploymentPostprocessing = 0;
		};
		14D2F1021EF6B99D00CA8364 /* Sources */ = {
			isa = PBXSourcesBuildPhase;
			buildActionMask = 2147483647;
			files = (
				14D2F10B1EF6B99D00CA8364 /* TacoPopTests.swift in Sources */,
			);
			runOnlyForDeploymentPostprocessing = 0;
		};
/* End PBXSourcesBuildPhase section */

/* Begin PBXTargetDependency section */
		14D2F1081EF6B99D00CA8364 /* PBXTargetDependency */ = {
			isa = PBXTargetDependency;
			target = 14D2F0F11EF6B99D00CA8364 /* TacoPop */;
			targetProxy = 14D2F1071EF6B99D00CA8364 /* PBXContainerItemProxy */;
		};
/* End PBXTargetDependency section */

/* Begin PBXVariantGroup section */
		14D2F0F91EF6B99D00CA8364 /* Main.storyboard */ = {
			isa = PBXVariantGroup;
			children = (
				14D2F0FA1EF6B99D00CA8364 /* Base */,
			);
			name = Main.storyboard;
			sourceTree = "<group>";
		};
		14D2F0FE1EF6B99D00CA8364 /* LaunchScreen.storyboard */ = {
			isa = PBXVariantGroup;
			children = (
				14D2F0FF1EF6B99D00CA8364 /* Base */,
			);
			name = LaunchScreen.storyboard;
			sourceTree = "<group>";
		};
/* End PBXVariantGroup section */

/* Begin XCBuildConfiguration section */
		14D2F10D1EF6B99D00CA8364 /* Debug */ = {
			isa = XCBuildConfiguration;
			buildSettings = {
				ALWAYS_SEARCH_USER_PATHS = NO;
				CLANG_ANALYZER_NONNULL = YES;
				CLANG_ANALYZER_NUMBER_OBJECT_CONVERSION = YES_AGGRESSIVE;
				CLANG_CXX_LANGUAGE_STANDARD = "gnu++0x";
				CLANG_CXX_LIBRARY = "libc++";
				CLANG_ENABLE_MODULES = YES;
				CLANG_ENABLE_OBJC_ARC = YES;
				CLANG_WARN_BOOL_CONVERSION = YES;
				CLANG_WARN_CONSTANT_CONVERSION = YES;
				CLANG_WARN_DIRECT_OBJC_ISA_USAGE = YES_ERROR;
				CLANG_WARN_DOCUMENTATION_COMMENTS = YES;
				CLANG_WARN_EMPTY_BODY = YES;
				CLANG_WARN_ENUM_CONVERSION = YES;
				CLANG_WARN_INFINITE_RECURSION = YES;
				CLANG_WARN_INT_CONVERSION = YES;
				CLANG_WARN_OBJC_ROOT_CLASS = YES_ERROR;
				CLANG_WARN_SUSPICIOUS_MOVE = YES;
				CLANG_WARN_UNREACHABLE_CODE = YES;
				CLANG_WARN__DUPLICATE_METHOD_MATCH = YES;
				"CODE_SIGN_IDENTITY[sdk=iphoneos*]" = "iPhone Developer";
				COPY_PHASE_STRIP = NO;
				DEBUG_INFORMATION_FORMAT = dwarf;
				ENABLE_STRICT_OBJC_MSGSEND = YES;
				ENABLE_TESTABILITY = YES;
				GCC_C_LANGUAGE_STANDARD = gnu99;
				GCC_DYNAMIC_NO_PIC = NO;
				GCC_NO_COMMON_BLOCKS = YES;
				GCC_OPTIMIZATION_LEVEL = 0;
				GCC_PREPROCESSOR_DEFINITIONS = (
					"DEBUG=1",
					"$(inherited)",
				);
				GCC_WARN_64_TO_32_BIT_CONVERSION = YES;
				GCC_WARN_ABOUT_RETURN_TYPE = YES_ERROR;
				GCC_WARN_UNDECLARED_SELECTOR = YES;
				GCC_WARN_UNINITIALIZED_AUTOS = YES_AGGRESSIVE;
				GCC_WARN_UNUSED_FUNCTION = YES;
				GCC_WARN_UNUSED_VARIABLE = YES;
				IPHONEOS_DEPLOYMENT_TARGET = 10.3;
				MTL_ENABLE_DEBUG_INFO = YES;
				ONLY_ACTIVE_ARCH = YES;
				SDKROOT = iphoneos;
				SWIFT_ACTIVE_COMPILATION_CONDITIONS = DEBUG;
				SWIFT_OPTIMIZATION_LEVEL = "-Onone";
				TARGETED_DEVICE_FAMILY = "1,2";
			};
			name = Debug;
		};
		14D2F10E1EF6B99D00CA8364 /* Release */ = {
			isa = XCBuildConfiguration;
			buildSettings = {
				ALWAYS_SEARCH_USER_PATHS = NO;
				CLANG_ANALYZER_NONNULL = YES;
				CLANG_ANALYZER_NUMBER_OBJECT_CONVERSION = YES_AGGRESSIVE;
				CLANG_CXX_LANGUAGE_STANDARD = "gnu++0x";
				CLANG_CXX_LIBRARY = "libc++";
				CLANG_ENABLE_MODULES = YES;
				CLANG_ENABLE_OBJC_ARC = YES;
				CLANG_WARN_BOOL_CONVERSION = YES;
				CLANG_WARN_CONSTANT_CONVERSION = YES;
				CLANG_WARN_DIRECT_OBJC_ISA_USAGE = YES_ERROR;
				CLANG_WARN_DOCUMENTATION_COMMENTS = YES;
				CLANG_WARN_EMPTY_BODY = YES;
				CLANG_WARN_ENUM_CONVERSION = YES;
				CLANG_WARN_INFINITE_RECURSION = YES;
				CLANG_WARN_INT_CONVERSION = YES;
				CLANG_WARN_OBJC_ROOT_CLASS = YES_ERROR;
				CLANG_WARN_SUSPICIOUS_MOVE = YES;
				CLANG_WARN_UNREACHABLE_CODE = YES;
				CLANG_WARN__DUPLICATE_METHOD_MATCH = YES;
				"CODE_SIGN_IDENTITY[sdk=iphoneos*]" = "iPhone Developer";
				COPY_PHASE_STRIP = NO;
				DEBUG_INFORMATION_FORMAT = "dwarf-with-dsym";
				ENABLE_NS_ASSERTIONS = NO;
				ENABLE_STRICT_OBJC_MSGSEND = YES;
				GCC_C_LANGUAGE_STANDARD = gnu99;
				GCC_NO_COMMON_BLOCKS = YES;
				GCC_WARN_64_TO_32_BIT_CONVERSION = YES;
				GCC_WARN_ABOUT_RETURN_TYPE = YES_ERROR;
				GCC_WARN_UNDECLARED_SELECTOR = YES;
				GCC_WARN_UNINITIALIZED_AUTOS = YES_AGGRESSIVE;
				GCC_WARN_UNUSED_FUNCTION = YES;
				GCC_WARN_UNUSED_VARIABLE = YES;
				IPHONEOS_DEPLOYMENT_TARGET = 10.3;
				MTL_ENABLE_DEBUG_INFO = NO;
				SDKROOT = iphoneos;
				SWIFT_OPTIMIZATION_LEVEL = "-Owholemodule";
				TARGETED_DEVICE_FAMILY = "1,2";
				VALIDATE_PRODUCT = YES;
			};
			name = Release;
		};
		14D2F1101EF6B99D00CA8364 /* Debug */ = {
			isa = XCBuildConfiguration;
			buildSettings = {
				ASSETCATALOG_COMPILER_APPICON_NAME = AppIcon;
				DEVELOPMENT_TEAM = UK2D65UGSV;
				INFOPLIST_FILE = TacoPop/Info.plist;
				LD_RUNPATH_SEARCH_PATHS = "$(inherited) @executable_path/Frameworks";
				PRODUCT_BUNDLE_IDENTIFIER = jshep.TacoPop;
				PRODUCT_NAME = "$(TARGET_NAME)";
				SWIFT_VERSION = 3.0;
			};
			name = Debug;
		};
		14D2F1111EF6B99D00CA8364 /* Release */ = {
			isa = XCBuildConfiguration;
			buildSettings = {
				ASSETCATALOG_COMPILER_APPICON_NAME = AppIcon;
				DEVELOPMENT_TEAM = UK2D65UGSV;
				INFOPLIST_FILE = TacoPop/Info.plist;
				LD_RUNPATH_SEARCH_PATHS = "$(inherited) @executable_path/Frameworks";
				PRODUCT_BUNDLE_IDENTIFIER = jshep.TacoPop;
				PRODUCT_NAME = "$(TARGET_NAME)";
				SWIFT_VERSION = 3.0;
			};
			name = Release;
		};
		14D2F1131EF6B99D00CA8364 /* Debug */ = {
			isa = XCBuildConfiguration;
			buildSettings = {
				ALWAYS_EMBED_SWIFT_STANDARD_LIBRARIES = YES;
				BUNDLE_LOADER = "$(TEST_HOST)";
				DEVELOPMENT_TEAM = UK2D65UGSV;
				INFOPLIST_FILE = TacoPopTests/Info.plist;
				LD_RUNPATH_SEARCH_PATHS = "$(inherited) @executable_path/Frameworks @loader_path/Frameworks";
				PRODUCT_BUNDLE_IDENTIFIER = jshep.TacoPopTests;
				PRODUCT_NAME = "$(TARGET_NAME)";
				SWIFT_VERSION = 3.0;
				TEST_HOST = "$(BUILT_PRODUCTS_DIR)/TacoPop.app/TacoPop";
			};
			name = Debug;
		};
		14D2F1141EF6B99D00CA8364 /* Release */ = {
			isa = XCBuildConfiguration;
			buildSettings = {
				ALWAYS_EMBED_SWIFT_STANDARD_LIBRARIES = YES;
				BUNDLE_LOADER = "$(TEST_HOST)";
				DEVELOPMENT_TEAM = UK2D65UGSV;
				INFOPLIST_FILE = TacoPopTests/Info.plist;
				LD_RUNPATH_SEARCH_PATHS = "$(inherited) @executable_path/Frameworks @loader_path/Frameworks";
				PRODUCT_BUNDLE_IDENTIFIER = jshep.TacoPopTests;
				PRODUCT_NAME = "$(TARGET_NAME)";
				SWIFT_VERSION = 3.0;
				TEST_HOST = "$(BUILT_PRODUCTS_DIR)/TacoPop.app/TacoPop";
			};
			name = Release;
		};
/* End XCBuildConfiguration section */

/* Begin XCConfigurationList section */
		14D2F0ED1EF6B99D00CA8364 /* Build configuration list for PBXProject "TacoPop" */ = {
			isa = XCConfigurationList;
			buildConfigurations = (
				14D2F10D1EF6B99D00CA8364 /* Debug */,
				14D2F10E1EF6B99D00CA8364 /* Release */,
			);
			defaultConfigurationIsVisible = 0;
			defaultConfigurationName = Release;
		};
		14D2F10F1EF6B99D00CA8364 /* Build configuration list for PBXNativeTarget "TacoPop" */ = {
			isa = XCConfigurationList;
			buildConfigurations = (
				14D2F1101EF6B99D00CA8364 /* Debug */,
				14D2F1111EF6B99D00CA8364 /* Release */,
			);
			defaultConfigurationIsVisible = 0;
		};
		14D2F1121EF6B99D00CA8364 /* Build configuration list for PBXNativeTarget "TacoPopTests" */ = {
			isa = XCConfigurationList;
			buildConfigurations = (
				14D2F1131EF6B99D00CA8364 /* Debug */,
				14D2F1141EF6B99D00CA8364 /* Release */,
			);
			defaultConfigurationIsVisible = 0;
		};
/* End XCConfigurationList section */
	};
	rootObject = 14D2F0EA1EF6B99D00CA8364 /* Project object */;
}
